
Microsoft Visual Studio Solution File, Format Version 12.00
# Visual Studio Version 17
VisualStudioVersion = 17.6.33815.320
MinimumVisualStudioVersion = 10.0.40219.1
Project("{FAE04EC0-301F-11D3-BF4B-00C04F79EFBC}") = "PaintApp2", "PaintApp2\PaintApp2.csproj", "{5906F144-872C-4610-BB2E-24909F8CA9C5}"
EndProject
Global
	GlobalSection(SolutionConfigurationPlatforms) = preSolution
		Debug|Any CPU = Debug|Any CPU
		Release|Any CPU = Release|Any CPU
	EndGlobalSection
	GlobalSection(ProjectConfigurationPlatforms) = postSolution
		{5906F144-872C-4610-BB2E-24909F8CA9C5}.Debug|Any CPU.ActiveCfg = Debug|Any CPU
		{5906F144-872C-4610-BB2E-24909F8CA9C5}.Debug|Any CPU.Build.0 = Debug|Any CPU
		{5906F144-872C-4610-BB2E-24909F8CA9C5}.Release|Any CPU.ActiveCfg = Release|Any CPU
		{5906F144-872C-4610-BB2E-24909F8CA9C5}.Release|Any CPU.Build.0 = Release|Any CPU
	EndGlobalSection
	GlobalSection(SolutionProperties) = preSolution
		HideSolutionNode = FALSE
	EndGlobalSection
	GlobalSection(ExtensibilityGlobals) = postSolution
		SolutionGuid = {73747F40-3967-40D5-9B43-8437CD8CB000}
	EndGlobalSection
EndGlobal
