
Microsoft Visual Studio Solution File, Format Version 12.00
# Visual Studio Version 17
VisualStudioVersion = 17.6.33815.320
MinimumVisualStudioVersion = 10.0.40219.1
Project("{FAE04EC0-301F-11D3-BF4B-00C04F79EFBC}") = "CalculatorV2", "CalculatorV2\CalculatorV2.csproj", "{57795281-C973-45D1-838B-97A5A6EDD17D}"
EndProject
Global
	GlobalSection(SolutionConfigurationPlatforms) = preSolution
		Debug|Any CPU = Debug|Any CPU
		Release|Any CPU = Release|Any CPU
	EndGlobalSection
	GlobalSection(ProjectConfigurationPlatforms) = postSolution
		{57795281-C973-45D1-838B-97A5A6EDD17D}.Debug|Any CPU.ActiveCfg = Debug|Any CPU
		{57795281-C973-45D1-838B-97A5A6EDD17D}.Debug|Any CPU.Build.0 = Debug|Any CPU
		{57795281-C973-45D1-838B-97A5A6EDD17D}.Release|Any CPU.ActiveCfg = Release|Any CPU
		{57795281-C973-45D1-838B-97A5A6EDD17D}.Release|Any CPU.Build.0 = Release|Any CPU
	EndGlobalSection
	GlobalSection(SolutionProperties) = preSolution
		HideSolutionNode = FALSE
	EndGlobalSection
	GlobalSection(ExtensibilityGlobals) = postSolution
		SolutionGuid = {82D433D8-D072-4CF7-B748-943D35D0A4C8}
	EndGlobalSection
EndGlobal
