
Microsoft Visual Studio Solution File, Format Version 12.00
# Visual Studio Version 17
VisualStudioVersion = 17.7.34202.233
MinimumVisualStudioVersion = 10.0.40219.1
Project("{FAE04EC0-301F-11D3-BF4B-00C04F79EFBC}") = "PaintApp", "PaintApp\PaintApp.csproj", "{F39C204A-F17C-4F63-99E5-BC7C85BCFAFE}"
EndProject
Global
	GlobalSection(SolutionConfigurationPlatforms) = preSolution
		Debug|Any CPU = Debug|Any CPU
		Release|Any CPU = Release|Any CPU
	EndGlobalSection
	GlobalSection(ProjectConfigurationPlatforms) = postSolution
		{F39C204A-F17C-4F63-99E5-BC7C85BCFAFE}.Debug|Any CPU.ActiveCfg = Debug|Any CPU
		{F39C204A-F17C-4F63-99E5-BC7C85BCFAFE}.Debug|Any CPU.Build.0 = Debug|Any CPU
		{F39C204A-F17C-4F63-99E5-BC7C85BCFAFE}.Release|Any CPU.ActiveCfg = Release|Any CPU
		{F39C204A-F17C-4F63-99E5-BC7C85BCFAFE}.Release|Any CPU.Build.0 = Release|Any CPU
	EndGlobalSection
	GlobalSection(SolutionProperties) = preSolution
		HideSolutionNode = FALSE
	EndGlobalSection
	GlobalSection(ExtensibilityGlobals) = postSolution
		SolutionGuid = {DD4851C2-261B-4E22-8948-105F11588529}
	EndGlobalSection
EndGlobal
