
Microsoft Visual Studio Solution File, Format Version 12.00
# Visual Studio Version 17
VisualStudioVersion = 17.6.33815.320
MinimumVisualStudioVersion = 10.0.40219.1
Project("{FAE04EC0-301F-11D3-BF4B-00C04F79EFBC}") = "DeathRoll", "DeathRoll\DeathRoll.csproj", "{9F247C6D-EF36-497D-A593-34397A40CEB8}"
EndProject
Global
	GlobalSection(SolutionConfigurationPlatforms) = preSolution
		Debug|Any CPU = Debug|Any CPU
		Release|Any CPU = Release|Any CPU
	EndGlobalSection
	GlobalSection(ProjectConfigurationPlatforms) = postSolution
		{9F247C6D-EF36-497D-A593-34397A40CEB8}.Debug|Any CPU.ActiveCfg = Debug|Any CPU
		{9F247C6D-EF36-497D-A593-34397A40CEB8}.Debug|Any CPU.Build.0 = Debug|Any CPU
		{9F247C6D-EF36-497D-A593-34397A40CEB8}.Release|Any CPU.ActiveCfg = Release|Any CPU
		{9F247C6D-EF36-497D-A593-34397A40CEB8}.Release|Any CPU.Build.0 = Release|Any CPU
	EndGlobalSection
	GlobalSection(SolutionProperties) = preSolution
		HideSolutionNode = FALSE
	EndGlobalSection
	GlobalSection(ExtensibilityGlobals) = postSolution
		SolutionGuid = {043471C5-2583-45E8-8E45-E55BD01A81D9}
	EndGlobalSection
EndGlobal
