
Microsoft Visual Studio Solution File, Format Version 12.00
# Visual Studio Version 17
VisualStudioVersion = 17.6.33815.320
MinimumVisualStudioVersion = 10.0.40219.1
Project("{FAE04EC0-301F-11D3-BF4B-00C04F79EFBC}") = "MSDos", "MSDos\MSDos.csproj", "{B11BDD4C-1637-4A17-BD5C-EB27F5022CB8}"
EndProject
Global
	GlobalSection(SolutionConfigurationPlatforms) = preSolution
		Debug|Any CPU = Debug|Any CPU
		Release|Any CPU = Release|Any CPU
	EndGlobalSection
	GlobalSection(ProjectConfigurationPlatforms) = postSolution
		{B11BDD4C-1637-4A17-BD5C-EB27F5022CB8}.Debug|Any CPU.ActiveCfg = Debug|Any CPU
		{B11BDD4C-1637-4A17-BD5C-EB27F5022CB8}.Debug|Any CPU.Build.0 = Debug|Any CPU
		{B11BDD4C-1637-4A17-BD5C-EB27F5022CB8}.Release|Any CPU.ActiveCfg = Release|Any CPU
		{B11BDD4C-1637-4A17-BD5C-EB27F5022CB8}.Release|Any CPU.Build.0 = Release|Any CPU
	EndGlobalSection
	GlobalSection(SolutionProperties) = preSolution
		HideSolutionNode = FALSE
	EndGlobalSection
	GlobalSection(ExtensibilityGlobals) = postSolution
		SolutionGuid = {B0AE6763-4C21-432A-9653-1F020C3F27FE}
	EndGlobalSection
EndGlobal
