
Microsoft Visual Studio Solution File, Format Version 12.00
# Visual Studio Version 17
VisualStudioVersion = 17.7.34202.233
MinimumVisualStudioVersion = 10.0.40219.1
Project("{FAE04EC0-301F-11D3-BF4B-00C04F79EFBC}") = "Sorting Playground", "Sorting Playground\Sorting Playground.csproj", "{465BC83F-47CA-417B-8F03-DF7B0C151EAB}"
EndProject
Global
	GlobalSection(SolutionConfigurationPlatforms) = preSolution
		Debug|Any CPU = Debug|Any CPU
		Release|Any CPU = Release|Any CPU
	EndGlobalSection
	GlobalSection(ProjectConfigurationPlatforms) = postSolution
		{465BC83F-47CA-417B-8F03-DF7B0C151EAB}.Debug|Any CPU.ActiveCfg = Debug|Any CPU
		{465BC83F-47CA-417B-8F03-DF7B0C151EAB}.Debug|Any CPU.Build.0 = Debug|Any CPU
		{465BC83F-47CA-417B-8F03-DF7B0C151EAB}.Release|Any CPU.ActiveCfg = Release|Any CPU
		{465BC83F-47CA-417B-8F03-DF7B0C151EAB}.Release|Any CPU.Build.0 = Release|Any CPU
	EndGlobalSection
	GlobalSection(SolutionProperties) = preSolution
		HideSolutionNode = FALSE
	EndGlobalSection
	GlobalSection(ExtensibilityGlobals) = postSolution
		SolutionGuid = {93B0B919-D7B5-4753-8D74-97E9D2B3ABF5}
	EndGlobalSection
EndGlobal
